
Microsoft Visual Studio Solution File, Format Version 12.00
# Visual Studio Version 17
VisualStudioVersion = 17.0.32112.339
MinimumVisualStudioVersion = 10.0.40219.1
Project("{FAE04EC0-301F-11D3-BF4B-00C04F79EFBC}") = "P01.RandomizeWords", "P01.RandomizeWords\P01.RandomizeWords.csproj", "{235CBCFF-2274-4888-8B03-0D0559703E4F}"
EndProject
Project("{FAE04EC0-301F-11D3-BF4B-00C04F79EFBC}") = "P02.BigFactorial", "P02.BigFactorial\P02.BigFactorial.csproj", "{C368BEB7-7DAC-4355-9D36-8F5C62FEF068}"
EndProject
Project("{FAE04EC0-301F-11D3-BF4B-00C04F79EFBC}") = "P03.Songs", "P03.Songs\P03.Songs.csproj", "{EA8DC3CB-6E68-4492-8BAD-000C9A8F5A6A}"
EndProject
Project("{FAE04EC0-301F-11D3-BF4B-00C04F79EFBC}") = "P04.Students", "P04.Students\P04.Students.csproj", "{E5337E7A-FA04-4855-9671-087D6D3C5E69}"
EndProject
Project("{FAE04EC0-301F-11D3-BF4B-00C04F79EFBC}") = "P05.Students2.0", "P05.Students2.0\P05.Students2.0.csproj", "{6D78A22C-4152-40C4-8D0B-3697E5A907EE}"
EndProject
Project("{FAE04EC0-301F-11D3-BF4B-00C04F79EFBC}") = "P06.StoreBoxes", "P06.StoreBoxes\P06.StoreBoxes.csproj", "{50BF40F7-07D8-4D21-8FB4-FF09B48CA596}"
EndProject
Project("{FAE04EC0-301F-11D3-BF4B-00C04F79EFBC}") = "P07.VehicleCatalogue", "P07.VehicleCatalogue\P07.VehicleCatalogue.csproj", "{1878C0D0-5931-46A5-95DF-7142C815BEEA}"
EndProject
Global
	GlobalSection(SolutionConfigurationPlatforms) = preSolution
		Debug|Any CPU = Debug|Any CPU
		Release|Any CPU = Release|Any CPU
	EndGlobalSection
	GlobalSection(ProjectConfigurationPlatforms) = postSolution
		{235CBCFF-2274-4888-8B03-0D0559703E4F}.Debug|Any CPU.ActiveCfg = Debug|Any CPU
		{235CBCFF-2274-4888-8B03-0D0559703E4F}.Debug|Any CPU.Build.0 = Debug|Any CPU
		{235CBCFF-2274-4888-8B03-0D0559703E4F}.Release|Any CPU.ActiveCfg = Release|Any CPU
		{235CBCFF-2274-4888-8B03-0D0559703E4F}.Release|Any CPU.Build.0 = Release|Any CPU
		{C368BEB7-7DAC-4355-9D36-8F5C62FEF068}.Debug|Any CPU.ActiveCfg = Debug|Any CPU
		{C368BEB7-7DAC-4355-9D36-8F5C62FEF068}.Debug|Any CPU.Build.0 = Debug|Any CPU
		{C368BEB7-7DAC-4355-9D36-8F5C62FEF068}.Release|Any CPU.ActiveCfg = Release|Any CPU
		{C368BEB7-7DAC-4355-9D36-8F5C62FEF068}.Release|Any CPU.Build.0 = Release|Any CPU
		{EA8DC3CB-6E68-4492-8BAD-000C9A8F5A6A}.Debug|Any CPU.ActiveCfg = Debug|Any CPU
		{EA8DC3CB-6E68-4492-8BAD-000C9A8F5A6A}.Debug|Any CPU.Build.0 = Debug|Any CPU
		{EA8DC3CB-6E68-4492-8BAD-000C9A8F5A6A}.Release|Any CPU.ActiveCfg = Release|Any CPU
		{EA8DC3CB-6E68-4492-8BAD-000C9A8F5A6A}.Release|Any CPU.Build.0 = Release|Any CPU
		{E5337E7A-FA04-4855-9671-087D6D3C5E69}.Debug|Any CPU.ActiveCfg = Debug|Any CPU
		{E5337E7A-FA04-4855-9671-087D6D3C5E69}.Debug|Any CPU.Build.0 = Debug|Any CPU
		{E5337E7A-FA04-4855-9671-087D6D3C5E69}.Release|Any CPU.ActiveCfg = Release|Any CPU
		{E5337E7A-FA04-4855-9671-087D6D3C5E69}.Release|Any CPU.Build.0 = Release|Any CPU
		{6D78A22C-4152-40C4-8D0B-3697E5A907EE}.Debug|Any CPU.ActiveCfg = Debug|Any CPU
		{6D78A22C-4152-40C4-8D0B-3697E5A907EE}.Debug|Any CPU.Build.0 = Debug|Any CPU
		{6D78A22C-4152-40C4-8D0B-3697E5A907EE}.Release|Any CPU.ActiveCfg = Release|Any CPU
		{6D78A22C-4152-40C4-8D0B-3697E5A907EE}.Release|Any CPU.Build.0 = Release|Any CPU
		{50BF40F7-07D8-4D21-8FB4-FF09B48CA596}.Debug|Any CPU.ActiveCfg = Debug|Any CPU
		{50BF40F7-07D8-4D21-8FB4-FF09B48CA596}.Debug|Any CPU.Build.0 = Debug|Any CPU
		{50BF40F7-07D8-4D21-8FB4-FF09B48CA596}.Release|Any CPU.ActiveCfg = Release|Any CPU
		{50BF40F7-07D8-4D21-8FB4-FF09B48CA596}.Release|Any CPU.Build.0 = Release|Any CPU
		{1878C0D0-5931-46A5-95DF-7142C815BEEA}.Debug|Any CPU.ActiveCfg = Debug|Any CPU
		{1878C0D0-5931-46A5-95DF-7142C815BEEA}.Debug|Any CPU.Build.0 = Debug|Any CPU
		{1878C0D0-5931-46A5-95DF-7142C815BEEA}.Release|Any CPU.ActiveCfg = Release|Any CPU
		{1878C0D0-5931-46A5-95DF-7142C815BEEA}.Release|Any CPU.Build.0 = Release|Any CPU
	EndGlobalSection
	GlobalSection(SolutionProperties) = preSolution
		HideSolutionNode = FALSE
	EndGlobalSection
	GlobalSection(ExtensibilityGlobals) = postSolution
		SolutionGuid = {1D2F3D2A-4E75-402F-BA99-3C7CF68A9F6F}
	EndGlobalSection
EndGlobal
